
Microsoft Visual Studio Solution File, Format Version 12.00
# Visual Studio Version 17
VisualStudioVersion = 17.7.34003.232
MinimumVisualStudioVersion = 10.0.40219.1
Project("{8BC9CEB8-8B4A-11D0-8D11-00A0C91BC942}") = "library (dynamic)", "src\dynamic.vcxproj", "{E534F965-4ADF-48A5-8009-9D3258FAC29A}"
EndProject
Project("{8BC9CEB8-8B4A-11D0-8D11-00A0C91BC942}") = "library (static)", "src\static.vcxproj", "{A4BA46C7-2C1A-469B-9265-E9213B946D43}"
EndProject
Project("{8BC9CEB8-8B4A-11D0-8D11-00A0C91BC942}") = "test (dynamic)", "examples\c_dynamic\example_dynamic.vcxproj", "{0FC0A6AF-23A7-4F67-9010-1B93B875E5D3}"
EndProject
Project("{8BC9CEB8-8B4A-11D0-8D11-00A0C91BC942}") = "test (static)", "examples\cpp_static\example_static.vcxproj", "{C2892C2F-686A-4576-AD94-7694EE525EF8}"
EndProject
Global
	GlobalSection(SolutionConfigurationPlatforms) = preSolution
		Debug|x64 = Debug|x64
		Debug|x86 = Debug|x86
		Release|x64 = Release|x64
		Release|x86 = Release|x86
	EndGlobalSection
	GlobalSection(ProjectConfigurationPlatforms) = postSolution
		{E534F965-4ADF-48A5-8009-9D3258FAC29A}.Debug|x64.ActiveCfg = Debug|x64
		{E534F965-4ADF-48A5-8009-9D3258FAC29A}.Debug|x64.Build.0 = Debug|x64
		{E534F965-4ADF-48A5-8009-9D3258FAC29A}.Debug|x86.ActiveCfg = Debug|Win32
		{E534F965-4ADF-48A5-8009-9D3258FAC29A}.Debug|x86.Build.0 = Debug|Win32
		{E534F965-4ADF-48A5-8009-9D3258FAC29A}.Release|x64.ActiveCfg = Release|x64
		{E534F965-4ADF-48A5-8009-9D3258FAC29A}.Release|x64.Build.0 = Release|x64
		{E534F965-4ADF-48A5-8009-9D3258FAC29A}.Release|x86.ActiveCfg = Release|Win32
		{E534F965-4ADF-48A5-8009-9D3258FAC29A}.Release|x86.Build.0 = Release|Win32
		{A4BA46C7-2C1A-469B-9265-E9213B946D43}.Debug|x64.ActiveCfg = Debug|x64
		{A4BA46C7-2C1A-469B-9265-E9213B946D43}.Debug|x64.Build.0 = Debug|x64
		{A4BA46C7-2C1A-469B-9265-E9213B946D43}.Debug|x86.ActiveCfg = Debug|Win32
		{A4BA46C7-2C1A-469B-9265-E9213B946D43}.Debug|x86.Build.0 = Debug|Win32
		{A4BA46C7-2C1A-469B-9265-E9213B946D43}.Release|x64.ActiveCfg = Release|x64
		{A4BA46C7-2C1A-469B-9265-E9213B946D43}.Release|x64.Build.0 = Release|x64
		{A4BA46C7-2C1A-469B-9265-E9213B946D43}.Release|x86.ActiveCfg = Release|Win32
		{A4BA46C7-2C1A-469B-9265-E9213B946D43}.Release|x86.Build.0 = Release|Win32
		{0FC0A6AF-23A7-4F67-9010-1B93B875E5D3}.Debug|x64.ActiveCfg = Debug|x64
		{0FC0A6AF-23A7-4F67-9010-1B93B875E5D3}.Debug|x64.Build.0 = Debug|x64
		{0FC0A6AF-23A7-4F67-9010-1B93B875E5D3}.Debug|x86.ActiveCfg = Debug|Win32
		{0FC0A6AF-23A7-4F67-9010-1B93B875E5D3}.Debug|x86.Build.0 = Debug|Win32
		{0FC0A6AF-23A7-4F67-9010-1B93B875E5D3}.Release|x64.ActiveCfg = Release|x64
		{0FC0A6AF-23A7-4F67-9010-1B93B875E5D3}.Release|x64.Build.0 = Release|x64
		{0FC0A6AF-23A7-4F67-9010-1B93B875E5D3}.Release|x86.ActiveCfg = Release|Win32
		{0FC0A6AF-23A7-4F67-9010-1B93B875E5D3}.Release|x86.Build.0 = Release|Win32
		{C2892C2F-686A-4576-AD94-7694EE525EF8}.Debug|x64.ActiveCfg = Debug|x64
		{C2892C2F-686A-4576-AD94-7694EE525EF8}.Debug|x64.Build.0 = Debug|x64
		{C2892C2F-686A-4576-AD94-7694EE525EF8}.Debug|x86.ActiveCfg = Debug|Win32
		{C2892C2F-686A-4576-AD94-7694EE525EF8}.Debug|x86.Build.0 = Debug|Win32
		{C2892C2F-686A-4576-AD94-7694EE525EF8}.Release|x64.ActiveCfg = Release|x64
		{C2892C2F-686A-4576-AD94-7694EE525EF8}.Release|x64.Build.0 = Release|x64
		{C2892C2F-686A-4576-AD94-7694EE525EF8}.Release|x86.ActiveCfg = Release|Win32
		{C2892C2F-686A-4576-AD94-7694EE525EF8}.Release|x86.Build.0 = Release|Win32
	EndGlobalSection
	GlobalSection(SolutionProperties) = preSolution
		HideSolutionNode = FALSE
	EndGlobalSection
	GlobalSection(ExtensibilityGlobals) = postSolution
		SolutionGuid = {2098C6A3-259C-4E19-9B6B-ABBBA53BD20A}
	EndGlobalSection
EndGlobal
